
Microsoft Visual Studio Solution File, Format Version 12.00
# Visual Studio 15
VisualStudioVersion = 15.0.28010.2036
MinimumVisualStudioVersion = 10.0.40219.1
Project("{FAE04EC0-301F-11D3-BF4B-00C04F79EFBC}") = "ConsoleApp1", "ConsoleApp1\ConsoleApp1.csproj", "{5BBB20B7-5932-4AEC-A8AB-B93E793DF7FD}"
EndProject
Global
	GlobalSection(SolutionConfigurationPlatforms) = preSolution
		Debug|Any CPU = Debug|Any CPU
		Release|Any CPU = Release|Any CPU
	EndGlobalSection
	GlobalSection(ProjectConfigurationPlatforms) = postSolution
		{5BBB20B7-5932-4AEC-A8AB-B93E793DF7FD}.Debug|Any CPU.ActiveCfg = Debug|Any CPU
		{5BBB20B7-5932-4AEC-A8AB-B93E793DF7FD}.Debug|Any CPU.Build.0 = Debug|Any CPU
		{5BBB20B7-5932-4AEC-A8AB-B93E793DF7FD}.Release|Any CPU.ActiveCfg = Release|Any CPU
		{5BBB20B7-5932-4AEC-A8AB-B93E793DF7FD}.Release|Any CPU.Build.0 = Release|Any CPU
	EndGlobalSection
	GlobalSection(SolutionProperties) = preSolution
		HideSolutionNode = FALSE
	EndGlobalSection
	GlobalSection(ExtensibilityGlobals) = postSolution
		SolutionGuid = {BD978548-E272-4BBF-B5ED-17907C7AAF97}
	EndGlobalSection
EndGlobal
